
Microsoft Visual Studio Solution File, Format Version 12.00
# Visual Studio Version 17
VisualStudioVersion = 17.6.33723.286
MinimumVisualStudioVersion = 10.0.40219.1
Project("{FAE04EC0-301F-11D3-BF4B-00C04F79EFBC}") = "task_string_5", "task_string_5\task_string_5.csproj", "{EF963F1E-F4A8-454A-A00D-8A0297453ACD}"
EndProject
Global
	GlobalSection(SolutionConfigurationPlatforms) = preSolution
		Debug|Any CPU = Debug|Any CPU
		Release|Any CPU = Release|Any CPU
	EndGlobalSection
	GlobalSection(ProjectConfigurationPlatforms) = postSolution
		{EF963F1E-F4A8-454A-A00D-8A0297453ACD}.Debug|Any CPU.ActiveCfg = Debug|Any CPU
		{EF963F1E-F4A8-454A-A00D-8A0297453ACD}.Debug|Any CPU.Build.0 = Debug|Any CPU
		{EF963F1E-F4A8-454A-A00D-8A0297453ACD}.Release|Any CPU.ActiveCfg = Release|Any CPU
		{EF963F1E-F4A8-454A-A00D-8A0297453ACD}.Release|Any CPU.Build.0 = Release|Any CPU
	EndGlobalSection
	GlobalSection(SolutionProperties) = preSolution
		HideSolutionNode = FALSE
	EndGlobalSection
	GlobalSection(ExtensibilityGlobals) = postSolution
		SolutionGuid = {01636142-ED4E-4D02-BF61-F07BA9A47784}
	EndGlobalSection
EndGlobal
